
Microsoft Visual Studio Solution File, Format Version 12.00
# Visual Studio Version 17
VisualStudioVersion = 17.5.33424.131
MinimumVisualStudioVersion = 10.0.40219.1
Project("{FAE04EC0-301F-11D3-BF4B-00C04F79EFBC}") = "KeuanganMasjid", "KeuanganMasjid\KeuanganMasjid.csproj", "{7075ACA3-EF97-4C2B-B8D1-5DE444E16511}"
EndProject
Global
	GlobalSection(SolutionConfigurationPlatforms) = preSolution
		Debug|Any CPU = Debug|Any CPU
		Release|Any CPU = Release|Any CPU
	EndGlobalSection
	GlobalSection(ProjectConfigurationPlatforms) = postSolution
		{7075ACA3-EF97-4C2B-B8D1-5DE444E16511}.Debug|Any CPU.ActiveCfg = Debug|Any CPU
		{7075ACA3-EF97-4C2B-B8D1-5DE444E16511}.Debug|Any CPU.Build.0 = Debug|Any CPU
		{7075ACA3-EF97-4C2B-B8D1-5DE444E16511}.Release|Any CPU.ActiveCfg = Release|Any CPU
		{7075ACA3-EF97-4C2B-B8D1-5DE444E16511}.Release|Any CPU.Build.0 = Release|Any CPU
	EndGlobalSection
	GlobalSection(SolutionProperties) = preSolution
		HideSolutionNode = FALSE
	EndGlobalSection
	GlobalSection(ExtensibilityGlobals) = postSolution
		SolutionGuid = {8CA28765-7716-43FC-941A-BA73D8317E44}
	EndGlobalSection
EndGlobal
